
Microsoft Visual Studio Solution File, Format Version 12.00
Project("{FAE04EC0-301F-11D3-BF4B-00C04F79EFBC}") = "Lab2", "Lab2\Lab2.csproj", "{FD7DE55C-2752-4FB3-8619-92C3FDE1542C}"
EndProject
Global
	GlobalSection(SolutionConfigurationPlatforms) = preSolution
		Debug|Any CPU = Debug|Any CPU
		Release|Any CPU = Release|Any CPU
	EndGlobalSection
	GlobalSection(ProjectConfigurationPlatforms) = postSolution
		{FD7DE55C-2752-4FB3-8619-92C3FDE1542C}.Debug|Any CPU.ActiveCfg = Debug|Any CPU
		{FD7DE55C-2752-4FB3-8619-92C3FDE1542C}.Debug|Any CPU.Build.0 = Debug|Any CPU
		{FD7DE55C-2752-4FB3-8619-92C3FDE1542C}.Release|Any CPU.ActiveCfg = Release|Any CPU
		{FD7DE55C-2752-4FB3-8619-92C3FDE1542C}.Release|Any CPU.Build.0 = Release|Any CPU
	EndGlobalSection
EndGlobal
